// !$*UTF8*$!
{
	archiveVersion = 1;
	classes = {
	};
	objectVersion = 46;
	objects = {

/* Begin PBXBuildFile section */
		6B19F6DB20E1DFDD00AC675A /* main.cpp in Sources */ = {isa = PBXBuildFile; fileRef = 6B19F6DA20E1DFDD00AC675A /* main.cpp */; };
		6B707B2820E323BA00FB3305 /* inon.cpp in Sources */ = {isa = PBXBuildFile; fileRef = 6B707B2720E323BA00FB3305 /* inon.cpp */; };
		6B707B2D20E3251100FB3305 /* wkrsBody.c in Sources */ = {isa = PBXBuildFile; fileRef = 6B707B2C20E3251100FB3305 /* wkrsBody.c */; };
/* End PBXBuildFile section */

/* Begin PBXCopyFilesBuildPhase section */
		6B19F6D520E1DFDD00AC675A /* CopyFiles */ = {
			isa = PBXCopyFilesBuildPhase;
			buildActionMask = 2147483647;
			dstPath = /usr/share/man/man1/;
			dstSubfolderSpec = 0;
			files = (
			);
			runOnlyForDeploymentPostprocessing = 1;
		};
		6B707B2320E323BA00FB3305 /* CopyFiles */ = {
			isa = PBXCopyFilesBuildPhase;
			buildActionMask = 2147483647;
			dstPath = /usr/share/man/man1/;
			dstSubfolderSpec = 0;
			files = (
			);
			runOnlyForDeploymentPostprocessing = 1;
		};
/* End PBXCopyFilesBuildPhase section */

/* Begin PBXFileReference section */
		6B19F6D720E1DFDD00AC675A /* grade */ = {isa = PBXFileReference; explicitFileType = "compiled.mach-o.executable"; includeInIndex = 0; path = grade; sourceTree = BUILT_PRODUCTS_DIR; };
		6B19F6DA20E1DFDD00AC675A /* main.cpp */ = {isa = PBXFileReference; lastKnownFileType = sourcecode.cpp.cpp; path = main.cpp; sourceTree = "<group>"; };
		6B707B2520E323BA00FB3305 /* io */ = {isa = PBXFileReference; explicitFileType = "compiled.mach-o.executable"; includeInIndex = 0; path = io; sourceTree = BUILT_PRODUCTS_DIR; };
		6B707B2720E323BA00FB3305 /* inon.cpp */ = {isa = PBXFileReference; lastKnownFileType = sourcecode.cpp.cpp; name = inon.cpp; path = ../inon.cpp; sourceTree = "<group>"; };
		6B707B2C20E3251100FB3305 /* wkrsBody.c */ = {isa = PBXFileReference; fileEncoding = 4; lastKnownFileType = sourcecode.c.c; name = wkrsBody.c; path = "../../../../Volumes/EAGET忆捷/原U盘数据/大学计算机/语言/C语言/20161104612李懋林/wkrsBody.c"; sourceTree = "<group>"; };
/* End PBXFileReference section */

/* Begin PBXFrameworksBuildPhase section */
		6B19F6D420E1DFDD00AC675A /* Frameworks */ = {
			isa = PBXFrameworksBuildPhase;
			buildActionMask = 2147483647;
			files = (
			);
			runOnlyForDeploymentPostprocessing = 0;
		};
		6B707B2220E323BA00FB3305 /* Frameworks */ = {
			isa = PBXFrameworksBuildPhase;
			buildActionMask = 2147483647;
			files = (
			);
			runOnlyForDeploymentPostprocessing = 0;
		};
/* End PBXFrameworksBuildPhase section */

/* Begin PBXGroup section */
		6B19F6CE20E1DFDD00AC675A = {
			isa = PBXGroup;
			children = (
				6B19F6D920E1DFDD00AC675A /* grade */,
				6B707B2620E323BA00FB3305 /* io */,
				6B19F6D820E1DFDD00AC675A /* Products */,
				6B707B2C20E3251100FB3305 /* wkrsBody.c */,
			);
			sourceTree = "<group>";
		};
		6B19F6D820E1DFDD00AC675A /* Products */ = {
			isa = PBXGroup;
			children = (
				6B19F6D720E1DFDD00AC675A /* grade */,
				6B707B2520E323BA00FB3305 /* io */,
			);
			name = Products;
			sourceTree = "<group>";
		};
		6B19F6D920E1DFDD00AC675A /* grade */ = {
			isa = PBXGroup;
			children = (
				6B19F6DA20E1DFDD00AC675A /* main.cpp */,
			);
			path = grade;
			sourceTree = "<group>";
		};
		6B707B2620E323BA00FB3305 /* io */ = {
			isa = PBXGroup;
			children = (
				6B707B2720E323BA00FB3305 /* inon.cpp */,
			);
			path = io;
			sourceTree = "<group>";
		};
/* End PBXGroup section */

/* Begin PBXNativeTarget section */
		6B19F6D620E1DFDD00AC675A /* grade */ = {
			isa = PBXNativeTarget;
			buildConfigurationList = 6B19F6DE20E1DFDD00AC675A /* Build configuration list for PBXNativeTarget "grade" */;
			buildPhases = (
				6B19F6D320E1DFDD00AC675A /* Sources */,
				6B19F6D420E1DFDD00AC675A /* Frameworks */,
				6B19F6D520E1DFDD00AC675A /* CopyFiles */,
			);
			buildRules = (
			);
			dependencies = (
			);
			name = grade;
			productName = grade;
			productReference = 6B19F6D720E1DFDD00AC675A /* grade */;
			productType = "com.apple.product-type.tool";
		};
		6B707B2420E323BA00FB3305 /* io */ = {
			isa = PBXNativeTarget;
			buildConfigurationList = 6B707B2920E323BA00FB3305 /* Build configuration list for PBXNativeTarget "io" */;
			buildPhases = (
				6B707B2120E323BA00FB3305 /* Sources */,
				6B707B2220E323BA00FB3305 /* Frameworks */,
				6B707B2320E323BA00FB3305 /* CopyFiles */,
			);
			buildRules = (
			);
			dependencies = (
			);
			name = io;
			productName = io;
			productReference = 6B707B2520E323BA00FB3305 /* io */;
			productType = "com.apple.product-type.tool";
		};
/* End PBXNativeTarget section */

/* Begin PBXProject section */
		6B19F6CF20E1DFDD00AC675A /* Project object */ = {
			isa = PBXProject;
			attributes = {
				LastUpgradeCheck = 0820;
				ORGANIZATIONNAME = 20161104616;
				TargetAttributes = {
					6B19F6D620E1DFDD00AC675A = {
						CreatedOnToolsVersion = 8.2.1;
						ProvisioningStyle = Automatic;
					};
					6B707B2420E323BA00FB3305 = {
						CreatedOnToolsVersion = 8.2.1;
						ProvisioningStyle = Automatic;
					};
				};
			};
			buildConfigurationList = 6B19F6D220E1DFDD00AC675A /* Build configuration list for PBXProject "grade" */;
			compatibilityVersion = "Xcode 3.2";
			developmentRegion = English;
			hasScannedForEncodings = 0;
			knownRegions = (
				en,
			);
			mainGroup = 6B19F6CE20E1DFDD00AC675A;
			productRefGroup = 6B19F6D820E1DFDD00AC675A /* Products */;
			projectDirPath = "";
			projectRoot = "";
			targets = (
				6B19F6D620E1DFDD00AC675A /* grade */,
				6B707B2420E323BA00FB3305 /* io */,
			);
		};
/* End PBXProject section */

/* Begin PBXSourcesBuildPhase section */
		6B19F6D320E1DFDD00AC675A /* Sources */ = {
			isa = PBXSourcesBuildPhase;
			buildActionMask = 2147483647;
			files = (
				6B707B2D20E3251100FB3305 /* wkrsBody.c in Sources */,
				6B19F6DB20E1DFDD00AC675A /* main.cpp in Sources */,
			);
			runOnlyForDeploymentPostprocessing = 0;
		};
		6B707B2120E323BA00FB3305 /* Sources */ = {
			isa = PBXSourcesBuildPhase;
			buildActionMask = 2147483647;
			files = (
				6B707B2820E323BA00FB3305 /* inon.cpp in Sources */,
			);
			runOnlyForDeploymentPostprocessing = 0;
		};
/* End PBXSourcesBuildPhase section */

/* Begin XCBuildConfiguration section */
		6B19F6DC20E1DFDD00AC675A /* Debug */ = {
			isa = XCBuildConfiguration;
			buildSettings = {
				ALWAYS_SEARCH_USER_PATHS = NO;
				CLANG_ANALYZER_NONNULL = YES;
				CLANG_CXX_LANGUAGE_STANDARD = "gnu++0x";
				CLANG_CXX_LIBRARY = "libc++";
				CLANG_ENABLE_MODULES = YES;
				CLANG_ENABLE_OBJC_ARC = YES;
				CLANG_WARN_BOOL_CONVERSION = YES;
				CLANG_WARN_CONSTANT_CONVERSION = YES;
				CLANG_WARN_DIRECT_OBJC_ISA_USAGE = YES_ERROR;
				CLANG_WARN_DOCUMENTATION_COMMENTS = YES;
				CLANG_WARN_EMPTY_BODY = YES;
				CLANG_WARN_ENUM_CONVERSION = YES;
				CLANG_WARN_INFINITE_RECURSION = YES;
				CLANG_WARN_INT_CONVERSION = YES;
				CLANG_WARN_OBJC_ROOT_CLASS = YES_ERROR;
				CLANG_WARN_SUSPICIOUS_MOVE = YES;
				CLANG_WARN_UNREACHABLE_CODE = YES;
				CLANG_WARN__DUPLICATE_METHOD_MATCH = YES;
				CODE_SIGN_IDENTITY = "-";
				COPY_PHASE_STRIP = NO;
				DEBUG_INFORMATION_FORMAT = dwarf;
				ENABLE_STRICT_OBJC_MSGSEND = YES;
				ENABLE_TESTABILITY = YES;
				GCC_C_LANGUAGE_STANDARD = gnu99;
				GCC_DYNAMIC_NO_PIC = NO;
				GCC_NO_COMMON_BLOCKS = YES;
				GCC_OPTIMIZATION_LEVEL = 0;
				GCC_PREPROCESSOR_DEFINITIONS = (
					"DEBUG=1",
					"$(inherited)",
				);
				GCC_WARN_64_TO_32_BIT_CONVERSION = YES;
				GCC_WARN_ABOUT_RETURN_TYPE = YES_ERROR;
				GCC_WARN_UNDECLARED_SELECTOR = YES;
				GCC_WARN_UNINITIALIZED_AUTOS = YES_AGGRESSIVE;
				GCC_WARN_UNUSED_FUNCTION = YES;
				GCC_WARN_UNUSED_VARIABLE = YES;
				MACOSX_DEPLOYMENT_TARGET = 10.11;
				MTL_ENABLE_DEBUG_INFO = YES;
				ONLY_ACTIVE_ARCH = YES;
				SDKROOT = macosx;
			};
			name = Debug;
		};
		6B19F6DD20E1DFDD00AC675A /* Release */ = {
			isa = XCBuildConfiguration;
			buildSettings = {
				ALWAYS_SEARCH_USER_PATHS = NO;
				CLANG_ANALYZER_NONNULL = YES;
				CLANG_CXX_LANGUAGE_STANDARD = "gnu++0x";
				CLANG_CXX_LIBRARY = "libc++";
				CLANG_ENABLE_MODULES = YES;
				CLANG_ENABLE_OBJC_ARC = YES;
				CLANG_WARN_BOOL_CONVERSION = YES;
				CLANG_WARN_CONSTANT_CONVERSION = YES;
				CLANG_WARN_DIRECT_OBJC_ISA_USAGE = YES_ERROR;
				CLANG_WARN_DOCUMENTATION_COMMENTS = YES;
				CLANG_WARN_EMPTY_BODY = YES;
				CLANG_WARN_ENUM_CONVERSION = YES;
				CLANG_WARN_INFINITE_RECURSION = YES;
				CLANG_WARN_INT_CONVERSION = YES;
				CLANG_WARN_OBJC_ROOT_CLASS = YES_ERROR;
				CLANG_WARN_SUSPICIOUS_MOVE = YES;
				CLANG_WARN_UNREACHABLE_CODE = YES;
				CLANG_WARN__DUPLICATE_METHOD_MATCH = YES;
				CODE_SIGN_IDENTITY = "-";
				COPY_PHASE_STRIP = NO;
				DEBUG_INFORMATION_FORMAT = "dwarf-with-dsym";
				ENABLE_NS_ASSERTIONS = NO;
				ENABLE_STRICT_OBJC_MSGSEND = YES;
				GCC_C_LANGUAGE_STANDARD = gnu99;
				GCC_NO_COMMON_BLOCKS = YES;
				GCC_WARN_64_TO_32_BIT_CONVERSION = YES;
				GCC_WARN_ABOUT_RETURN_TYPE = YES_ERROR;
				GCC_WARN_UNDECLARED_SELECTOR = YES;
				GCC_WARN_UNINITIALIZED_AUTOS = YES_AGGRESSIVE;
				GCC_WARN_UNUSED_FUNCTION = YES;
				GCC_WARN_UNUSED_VARIABLE = YES;
				MACOSX_DEPLOYMENT_TARGET = 10.11;
				MTL_ENABLE_DEBUG_INFO = NO;
				SDKROOT = macosx;
			};
			name = Release;
		};
		6B19F6DF20E1DFDD00AC675A /* Debug */ = {
			isa = XCBuildConfiguration;
			buildSettings = {
				PRODUCT_NAME = "$(TARGET_NAME)";
			};
			name = Debug;
		};
		6B19F6E020E1DFDD00AC675A /* Release */ = {
			isa = XCBuildConfiguration;
			buildSettings = {
				PRODUCT_NAME = "$(TARGET_NAME)";
			};
			name = Release;
		};
		6B707B2A20E323BA00FB3305 /* Debug */ = {
			isa = XCBuildConfiguration;
			buildSettings = {
				PRODUCT_NAME = "$(TARGET_NAME)";
			};
			name = Debug;
		};
		6B707B2B20E323BA00FB3305 /* Release */ = {
			isa = XCBuildConfiguration;
			buildSettings = {
				PRODUCT_NAME = "$(TARGET_NAME)";
			};
			name = Release;
		};
/* End XCBuildConfiguration section */

/* Begin XCConfigurationList section */
		6B19F6D220E1DFDD00AC675A /* Build configuration list for PBXProject "grade" */ = {
			isa = XCConfigurationList;
			buildConfigurations = (
				6B19F6DC20E1DFDD00AC675A /* Debug */,
				6B19F6DD20E1DFDD00AC675A /* Release */,
			);
			defaultConfigurationIsVisible = 0;
			defaultConfigurationName = Release;
		};
		6B19F6DE20E1DFDD00AC675A /* Build configuration list for PBXNativeTarget "grade" */ = {
			isa = XCConfigurationList;
			buildConfigurations = (
				6B19F6DF20E1DFDD00AC675A /* Debug */,
				6B19F6E020E1DFDD00AC675A /* Release */,
			);
			defaultConfigurationIsVisible = 0;
			defaultConfigurationName = Release;
		};
		6B707B2920E323BA00FB3305 /* Build configuration list for PBXNativeTarget "io" */ = {
			isa = XCConfigurationList;
			buildConfigurations = (
				6B707B2A20E323BA00FB3305 /* Debug */,
				6B707B2B20E323BA00FB3305 /* Release */,
			);
			defaultConfigurationIsVisible = 0;
		};
/* End XCConfigurationList section */
	};
	rootObject = 6B19F6CF20E1DFDD00AC675A /* Project object */;
}
